
Microsoft Visual Studio Solution File, Format Version 12.00
# Visual Studio Version 17
VisualStudioVersion = 17.4.33403.182
MinimumVisualStudioVersion = 10.0.40219.1
Project("{FAE04EC0-301F-11D3-BF4B-00C04F79EFBC}") = "auto-presser", "auto-presser\auto-presser.csproj", "{EEE85DF7-34E4-48A9-8908-0955E6FB5F96}"
EndProject
Global
	GlobalSection(SolutionConfigurationPlatforms) = preSolution
		Debug|Any CPU = Debug|Any CPU
		Release|Any CPU = Release|Any CPU
	EndGlobalSection
	GlobalSection(ProjectConfigurationPlatforms) = postSolution
		{EEE85DF7-34E4-48A9-8908-0955E6FB5F96}.Debug|Any CPU.ActiveCfg = Debug|Any CPU
		{EEE85DF7-34E4-48A9-8908-0955E6FB5F96}.Debug|Any CPU.Build.0 = Debug|Any CPU
		{EEE85DF7-34E4-48A9-8908-0955E6FB5F96}.Release|Any CPU.ActiveCfg = Release|Any CPU
		{EEE85DF7-34E4-48A9-8908-0955E6FB5F96}.Release|Any CPU.Build.0 = Release|Any CPU
	EndGlobalSection
	GlobalSection(SolutionProperties) = preSolution
		HideSolutionNode = FALSE
	EndGlobalSection
	GlobalSection(ExtensibilityGlobals) = postSolution
		SolutionGuid = {DFD87EAB-59B9-4382-B546-9B7EE19D5265}
	EndGlobalSection
EndGlobal
